
Microsoft Visual Studio Solution File, Format Version 12.00
# Visual Studio Version 17
VisualStudioVersion = 17.12.35527.113 d17.12
MinimumVisualStudioVersion = 10.0.40219.1
Project("{2150E333-8FDC-42A3-9474-1A3956D46DE8}") = "Bootstrapper", "Bootstrapper", "{6AFCDE4D-ECCD-465C-A4B0-AA4E388449B4}"
EndProject
Project("{2150E333-8FDC-42A3-9474-1A3956D46DE8}") = "Modules", "Modules", "{AD8A122F-7ABA-42E4-A4B8-24A567028D44}"
EndProject
Project("{2150E333-8FDC-42A3-9474-1A3956D46DE8}") = "Shared", "Shared", "{3BBBC69C-BD86-49D3-A28E-147A008C8456}"
EndProject
Project("{FAE04EC0-301F-11D3-BF4B-00C04F79EFBC}") = "Api", "Bootstrapper\Api\Api\Api.csproj", "{3D52422E-DD32-4BA7-A266-0D7C950F47F4}"
EndProject
Project("{2150E333-8FDC-42A3-9474-1A3956D46DE8}") = "Catalog", "Catalog", "{DA73308E-52BB-4852-917E-2303F8B88582}"
EndProject
Project("{2150E333-8FDC-42A3-9474-1A3956D46DE8}") = "Basket", "Basket", "{D4FE8430-9DF7-4F75-90FB-B6FE35080061}"
EndProject
Project("{2150E333-8FDC-42A3-9474-1A3956D46DE8}") = "Ordering", "Ordering", "{8581407D-C879-425F-9376-7BAEFAD75BEE}"
EndProject
Project("{FAE04EC0-301F-11D3-BF4B-00C04F79EFBC}") = "Catalog", "Modules\Catalog\Catalog\Catalog.csproj", "{446A1485-21A7-4F4B-83D5-B53905C1BA5E}"
EndProject
Project("{FAE04EC0-301F-11D3-BF4B-00C04F79EFBC}") = "Basket", "Modules\Basket\Basket\Basket.csproj", "{4F27097D-0732-4CE9-BB64-189B68F07661}"
EndProject
Project("{FAE04EC0-301F-11D3-BF4B-00C04F79EFBC}") = "Ordering", "Modules\Ordering\Ordering\Ordering.csproj", "{9B1D7F59-5026-49AD-9F5C-5A85B2DAA335}"
EndProject
Project("{FAE04EC0-301F-11D3-BF4B-00C04F79EFBC}") = "Shared", "Shared\Shared\Shared.csproj", "{92D8CC2C-ED03-4625-891A-D6A203EEFCE1}"
EndProject
Project("{E53339B2-1760-4266-BCC7-CA923CBCF16C}") = "docker-compose", "docker-compose.dcproj", "{E3ABC8D2-086D-45E2-9EEA-8D4938B471F9}"
EndProject
Project("{2150E333-8FDC-42A3-9474-1A3956D46DE8}") = ".configs", ".configs", "{DC136581-A4C1-47BE-BF1C-84EC3F33FD5A}"
	ProjectSection(SolutionItems) = preProject
		.editorconfig = .editorconfig
		..\.editorconfig = ..\.editorconfig
	EndProjectSection
EndProject
Global
	GlobalSection(SolutionConfigurationPlatforms) = preSolution
		Debug|Any CPU = Debug|Any CPU
		Release|Any CPU = Release|Any CPU
	EndGlobalSection
	GlobalSection(ProjectConfigurationPlatforms) = postSolution
		{3D52422E-DD32-4BA7-A266-0D7C950F47F4}.Debug|Any CPU.ActiveCfg = Debug|Any CPU
		{3D52422E-DD32-4BA7-A266-0D7C950F47F4}.Debug|Any CPU.Build.0 = Debug|Any CPU
		{3D52422E-DD32-4BA7-A266-0D7C950F47F4}.Release|Any CPU.ActiveCfg = Release|Any CPU
		{3D52422E-DD32-4BA7-A266-0D7C950F47F4}.Release|Any CPU.Build.0 = Release|Any CPU
		{446A1485-21A7-4F4B-83D5-B53905C1BA5E}.Debug|Any CPU.ActiveCfg = Debug|Any CPU
		{446A1485-21A7-4F4B-83D5-B53905C1BA5E}.Debug|Any CPU.Build.0 = Debug|Any CPU
		{446A1485-21A7-4F4B-83D5-B53905C1BA5E}.Release|Any CPU.ActiveCfg = Release|Any CPU
		{446A1485-21A7-4F4B-83D5-B53905C1BA5E}.Release|Any CPU.Build.0 = Release|Any CPU
		{4F27097D-0732-4CE9-BB64-189B68F07661}.Debug|Any CPU.ActiveCfg = Debug|Any CPU
		{4F27097D-0732-4CE9-BB64-189B68F07661}.Debug|Any CPU.Build.0 = Debug|Any CPU
		{4F27097D-0732-4CE9-BB64-189B68F07661}.Release|Any CPU.ActiveCfg = Release|Any CPU
		{4F27097D-0732-4CE9-BB64-189B68F07661}.Release|Any CPU.Build.0 = Release|Any CPU
		{9B1D7F59-5026-49AD-9F5C-5A85B2DAA335}.Debug|Any CPU.ActiveCfg = Debug|Any CPU
		{9B1D7F59-5026-49AD-9F5C-5A85B2DAA335}.Debug|Any CPU.Build.0 = Debug|Any CPU
		{9B1D7F59-5026-49AD-9F5C-5A85B2DAA335}.Release|Any CPU.ActiveCfg = Release|Any CPU
		{9B1D7F59-5026-49AD-9F5C-5A85B2DAA335}.Release|Any CPU.Build.0 = Release|Any CPU
		{92D8CC2C-ED03-4625-891A-D6A203EEFCE1}.Debug|Any CPU.ActiveCfg = Debug|Any CPU
		{92D8CC2C-ED03-4625-891A-D6A203EEFCE1}.Debug|Any CPU.Build.0 = Debug|Any CPU
		{92D8CC2C-ED03-4625-891A-D6A203EEFCE1}.Release|Any CPU.ActiveCfg = Release|Any CPU
		{92D8CC2C-ED03-4625-891A-D6A203EEFCE1}.Release|Any CPU.Build.0 = Release|Any CPU
		{E3ABC8D2-086D-45E2-9EEA-8D4938B471F9}.Debug|Any CPU.ActiveCfg = Debug|Any CPU
		{E3ABC8D2-086D-45E2-9EEA-8D4938B471F9}.Debug|Any CPU.Build.0 = Debug|Any CPU
		{E3ABC8D2-086D-45E2-9EEA-8D4938B471F9}.Release|Any CPU.ActiveCfg = Release|Any CPU
		{E3ABC8D2-086D-45E2-9EEA-8D4938B471F9}.Release|Any CPU.Build.0 = Release|Any CPU
	EndGlobalSection
	GlobalSection(SolutionProperties) = preSolution
		HideSolutionNode = FALSE
	EndGlobalSection
	GlobalSection(NestedProjects) = preSolution
		{3D52422E-DD32-4BA7-A266-0D7C950F47F4} = {6AFCDE4D-ECCD-465C-A4B0-AA4E388449B4}
		{DA73308E-52BB-4852-917E-2303F8B88582} = {AD8A122F-7ABA-42E4-A4B8-24A567028D44}
		{D4FE8430-9DF7-4F75-90FB-B6FE35080061} = {AD8A122F-7ABA-42E4-A4B8-24A567028D44}
		{8581407D-C879-425F-9376-7BAEFAD75BEE} = {AD8A122F-7ABA-42E4-A4B8-24A567028D44}
		{446A1485-21A7-4F4B-83D5-B53905C1BA5E} = {DA73308E-52BB-4852-917E-2303F8B88582}
		{4F27097D-0732-4CE9-BB64-189B68F07661} = {D4FE8430-9DF7-4F75-90FB-B6FE35080061}
		{9B1D7F59-5026-49AD-9F5C-5A85B2DAA335} = {8581407D-C879-425F-9376-7BAEFAD75BEE}
		{92D8CC2C-ED03-4625-891A-D6A203EEFCE1} = {3BBBC69C-BD86-49D3-A28E-147A008C8456}
	EndGlobalSection
EndGlobal
